<?xml version="1.0" encoding="UTF-8" standalone="yes" ?>
<CodeBlocks_project_file>
	<FileVersion major="1" minor="6" />
	<Project>
		<Option title="Explosion Generator" />
		<Option pch_mode="2" />
		<Option compiler="gcc" />
		<Build>
			<Target title="Debug">
				<Option output="bin/Debug/Explosion Generator" prefix_auto="1" extension_auto="1" />
				<Option object_output="obj/Debug/" />
				<Option type="1" />
				<Option compiler="gcc" />
				<Compiler>
					<Add option="-g" />
					<Add directory="C:/SDL-1.2.14/include" />
					<Add directory="Maths" />
				</Compiler>
				<Linker>
					<Add directory="C:/SDL-1.2.14/lib" />
				</Linker>
			</Target>
			<Target title="Release">
				<Option output="bin/Release/Explosion Generator" prefix_auto="1" extension_auto="1" />
				<Option object_output="obj/Release/" />
				<Option type="1" />
				<Option compiler="gcc" />
				<Compiler>
					<Add option="-O2" />
				</Compiler>
				<Linker>
					<Add option="-s" />
				</Linker>
			</Target>
		</Build>
		<Compiler>
			<Add option="-Wall" />
			<Add option="-fexceptions" />
		</Compiler>
		<Linker>
			<Add option="-lmingw32" />
			<Add option="-lSDLmain" />
			<Add option="-lSDL" />
			<Add library="C:\SDL-1.2.14\lib\libSDL.dll.a" />
			<Add library="C:\SDL-1.2.14\lib\libSDLmain.a" />
			<Add library="C:\Program Files (x86)\CodeBlocks\MinGW\lib\libmingw32.a" />
		</Linker>
		<Unit filename="CollisionDetection_HGrid.cpp" />
		<Unit filename="CollisionDetection_HGrid.h" />
		<Unit filename="CollisionDetection_HGrid_new.cpp" />
		<Unit filename="CollisionDetection_HGrid_new.h" />
		<Unit filename="CollisionDetection_Interface.h" />
		<Unit filename="EG_Camera/EG_Camera.cpp" />
		<Unit filename="EG_Camera/EG_Camera.h" />
		<Unit filename="EG_Camera/EG_FirstPersonPovCamera.cpp" />
		<Unit filename="EG_Camera/EG_FirstPersonPovCamera.h" />
		<Unit filename="EG_Camera/EG_ThirdPersonPovCamera.cpp" />
		<Unit filename="EG_Camera/EG_ThirdPersonPovCamera.h" />
		<Unit filename="EG_Main.cpp" />
		<Unit filename="EG_Main.h" />
		<Unit filename="EG_RenderTechniques/EG_Skybox.cpp" />
		<Unit filename="EG_RenderTechniques/EG_Skybox.h" />
		<Unit filename="EG_RenderTechniques/EG_Technique.cpp" />
		<Unit filename="EG_RenderTechniques/EG_Technique.h" />
		<Unit filename="EG_RenderTechniques/EG_Technique_DepthTexture_Render.cpp" />
		<Unit filename="EG_RenderTechniques/EG_Technique_DepthTexture_Render.h" />
		<Unit filename="EG_RenderTechniques/EG_Technique_Reflection.cpp" />
		<Unit filename="EG_RenderTechniques/EG_Technique_Reflection.h" />
		<Unit filename="EG_RenderTechniques/EG_Technique_Shadow_Render.cpp" />
		<Unit filename="EG_RenderTechniques/EG_Technique_Shadow_Render.h" />
		<Unit filename="EG_RenderTechniques/EG_Technique_TwoPass_RayCasting.cpp" />
		<Unit filename="EG_RenderTechniques/EG_Technique_TwoPass_RayCasting.h" />
		<Unit filename="EG_Shader.cpp" />
		<Unit filename="EG_Shader.h" />
		<Unit filename="EG_Smoke.cpp" />
		<Unit filename="EG_Smoke.h" />
		<Unit filename="EG_Utility.cpp" />
		<Unit filename="EG_Utility.h" />
		<Unit filename="EG_WorldObjects/EG_WorldBox.cpp" />
		<Unit filename="EG_WorldObjects/EG_WorldBox.h" />
		<Unit filename="EG_WorldObjects/EG_WorldObject.cpp" />
		<Unit filename="EG_WorldObjects/EG_WorldObject.h" />
		<Unit filename="EG_WorldObjects/EG_WorldSphere.cpp" />
		<Unit filename="EG_WorldObjects/EG_WorldSphere.h" />
		<Unit filename="ElapsedTime.cpp" />
		<Unit filename="ElapsedTime.h" />
		<Unit filename="L_Cube_Sphere_ParticleEffect.cpp" />
		<Unit filename="L_Cube_Sphere_ParticleEffect.h" />
		<Unit filename="L_ParticleEffect_Interface.h" />
		<Unit filename="L_SphereParticleEffect.cpp" />
		<Unit filename="L_SphereParticleEffect.h" />
		<Unit filename="Particle.h" />
		<Unit filename="Random.h" />
		<Unit filename="Smoke_struct.h" />
		<Unit filename="define.h" />
		<Unit filename="mesh.cpp" />
		<Unit filename="mesh.h" />
		<Unit filename="meshData.h" />
		<Unit filename="pipeline.cpp" />
		<Unit filename="pipeline.h" />
		<Unit filename="sceneLoader.cpp" />
		<Unit filename="sceneLoader.h" />
		<Extensions>
			<code_completion />
			<debugger />
			<envvars />
		</Extensions>
	</Project>
</CodeBlocks_project_file>
